Microsoft Visual Studio Solution File, Format Version 12.00
# Visual Studio 2012
Project("{FAE04EC0-301F-11D3-BF4B-00C04F79EFBC}") = "KnightofDraconis", "KnightofDraconis.csproj", "{11E065F7-1CCC-4DAF-949F-1D27956C6A3B}"
EndProject
Global
	GlobalSection(SolutionConfigurationPlatforms) = preSolution
	Debug|Any CPU = Debug|Any CPU
	ExportDebug|Any CPU = ExportDebug|Any CPU
	ExportRelease|Any CPU = ExportRelease|Any CPU
	EndGlobalSection
	GlobalSection(ProjectConfigurationPlatforms) = postSolution
		{11E065F7-1CCC-4DAF-949F-1D27956C6A3B}.Debug|Any CPU.ActiveCfg = Debug|Any CPU
		{11E065F7-1CCC-4DAF-949F-1D27956C6A3B}.Debug|Any CPU.Build.0 = Debug|Any CPU
		{11E065F7-1CCC-4DAF-949F-1D27956C6A3B}.ExportDebug|Any CPU.ActiveCfg = ExportDebug|Any CPU
		{11E065F7-1CCC-4DAF-949F-1D27956C6A3B}.ExportDebug|Any CPU.Build.0 = ExportDebug|Any CPU
		{11E065F7-1CCC-4DAF-949F-1D27956C6A3B}.ExportRelease|Any CPU.ActiveCfg = ExportRelease|Any CPU
		{11E065F7-1CCC-4DAF-949F-1D27956C6A3B}.ExportRelease|Any CPU.Build.0 = ExportRelease|Any CPU
	EndGlobalSection
EndGlobal
